
Microsoft Visual Studio Solution File, Format Version 12.00
# Visual Studio Version 17
VisualStudioVersion = 17.2.32616.157
MinimumVisualStudioVersion = 10.0.40219.1
Project("{8BC9CEB8-8B4A-11D0-8D11-00A0C91BC942}") = "code", "code.vcxproj", "{60983A33-C51B-413E-81A0-99962A77B4BE}"
EndProject
Global
	GlobalSection(SolutionConfigurationPlatforms) = preSolution
		Debug|x64 = Debug|x64
		Debug|x86 = Debug|x86
		Release|x64 = Release|x64
		Release|x86 = Release|x86
	EndGlobalSection
	GlobalSection(ProjectConfigurationPlatforms) = postSolution
		{60983A33-C51B-413E-81A0-99962A77B4BE}.Debug|x64.ActiveCfg = Debug|x64
		{60983A33-C51B-413E-81A0-99962A77B4BE}.Debug|x64.Build.0 = Debug|x64
		{60983A33-C51B-413E-81A0-99962A77B4BE}.Debug|x86.ActiveCfg = Debug|Win32
		{60983A33-C51B-413E-81A0-99962A77B4BE}.Debug|x86.Build.0 = Debug|Win32
		{60983A33-C51B-413E-81A0-99962A77B4BE}.Release|x64.ActiveCfg = Release|x64
		{60983A33-C51B-413E-81A0-99962A77B4BE}.Release|x64.Build.0 = Release|x64
		{60983A33-C51B-413E-81A0-99962A77B4BE}.Release|x86.ActiveCfg = Release|Win32
		{60983A33-C51B-413E-81A0-99962A77B4BE}.Release|x86.Build.0 = Release|Win32
	EndGlobalSection
	GlobalSection(SolutionProperties) = preSolution
		HideSolutionNode = FALSE
	EndGlobalSection
	GlobalSection(ExtensibilityGlobals) = postSolution
		SolutionGuid = {0D9D8AF5-E9E3-4572-AD9D-0BE6A4583A50}
	EndGlobalSection
EndGlobal
